// !$*UTF8*$!
{
	archiveVersion = 1;
	classes = {
	};
	objectVersion = 46;
	objects = {

/* Begin PBXBuildFile section */
		AA3B554D1BCB247B004805C2 /* main.m in Sources */ = {isa = PBXBuildFile; fileRef = AA3B554C1BCB247B004805C2 /* main.m */; };
		AA3B55501BCB247B004805C2 /* AppDelegate.m in Sources */ = {isa = PBXBuildFile; fileRef = AA3B554F1BCB247B004805C2 /* AppDelegate.m */; };
		AA3B55531BCB247B004805C2 /* ViewController.m in Sources */ = {isa = PBXBuildFile; fileRef = AA3B55521BCB247B004805C2 /* ViewController.m */; };
		AA3B55561BCB247B004805C2 /* Main.storyboard in Resources */ = {isa = PBXBuildFile; fileRef = AA3B55541BCB247B004805C2 /* Main.storyboard */; };
		AA3B55581BCB247B004805C2 /* Assets.xcassets in Resources */ = {isa = PBXBuildFile; fileRef = AA3B55571BCB247B004805C2 /* Assets.xcassets */; };
		AA3B555B1BCB247B004805C2 /* LaunchScreen.storyboard in Resources */ = {isa = PBXBuildFile; fileRef = AA3B55591BCB247B004805C2 /* LaunchScreen.storyboard */; };
		AA3B55631BCB251A004805C2 /* GMP.framework in Frameworks */ = {isa = PBXBuildFile; fileRef = AA3B55621BCB251A004805C2 /* GMP.framework */; settings = {ASSET_TAGS = (); }; };
/* End PBXBuildFile section */

/* Begin PBXFileReference section */
		AA3B55481BCB247B004805C2 /* cposc-ios.app */ = {isa = PBXFileReference; explicitFileType = wrapper.application; includeInIndex = 0; path = "cposc-ios.app"; sourceTree = BUILT_PRODUCTS_DIR; };
		AA3B554C1BCB247B004805C2 /* main.m */ = {isa = PBXFileReference; lastKnownFileType = sourcecode.c.objc; path = main.m; sourceTree = "<group>"; };
		AA3B554E1BCB247B004805C2 /* AppDelegate.h */ = {isa = PBXFileReference; lastKnownFileType = sourcecode.c.h; path = AppDelegate.h; sourceTree = "<group>"; };
		AA3B554F1BCB247B004805C2 /* AppDelegate.m */ = {isa = PBXFileReference; lastKnownFileType = sourcecode.c.objc; path = AppDelegate.m; sourceTree = "<group>"; };
		AA3B55511BCB247B004805C2 /* ViewController.h */ = {isa = PBXFileReference; lastKnownFileType = sourcecode.c.h; path = ViewController.h; sourceTree = "<group>"; };
		AA3B55521BCB247B004805C2 /* ViewController.m */ = {isa = PBXFileReference; lastKnownFileType = sourcecode.c.objc; path = ViewController.m; sourceTree = "<group>"; };
		AA3B55551BCB247B004805C2 /* Base */ = {isa = PBXFileReference; lastKnownFileType = file.storyboard; name = Base; path = Base.lproj/Main.storyboard; sourceTree = "<group>"; };
		AA3B55571BCB247B004805C2 /* Assets.xcassets */ = {isa = PBXFileReference; lastKnownFileType = folder.assetcatalog; path = Assets.xcassets; sourceTree = "<group>"; };
		AA3B555A1BCB247B004805C2 /* Base */ = {isa = PBXFileReference; lastKnownFileType = file.storyboard; name = Base; path = Base.lproj/LaunchScreen.storyboard; sourceTree = "<group>"; };
		AA3B555C1BCB247B004805C2 /* Info.plist */ = {isa = PBXFileReference; lastKnownFileType = text.plist.xml; path = Info.plist; sourceTree = "<group>"; };
		AA3B55621BCB251A004805C2 /* GMP.framework */ = {isa = PBXFileReference; lastKnownFileType = wrapper.framework; name = GMP.framework; path = frameworks/GMP.framework; sourceTree = "<group>"; };
		AA3B55641BCB2A20004805C2 /* cposc-api.h */ = {isa = PBXFileReference; fileEncoding = 4; lastKnownFileType = sourcecode.c.h; path = "cposc-api.h"; sourceTree = "<group>"; };
/* End PBXFileReference section */

/* Begin PBXFrameworksBuildPhase section */
		AA3B55451BCB247B004805C2 /* Frameworks */ = {
			isa = PBXFrameworksBuildPhase;
			buildActionMask = 2147483647;
			files = (
				AA3B55631BCB251A004805C2 /* GMP.framework in Frameworks */,
			);
			runOnlyForDeploymentPostprocessing = 0;
		};
/* End PBXFrameworksBuildPhase section */

/* Begin PBXGroup section */
		AA3B553F1BCB247B004805C2 = {
			isa = PBXGroup;
			children = (
				AA3B55621BCB251A004805C2 /* GMP.framework */,
				AA3B554A1BCB247B004805C2 /* cposc-ios */,
				AA3B55491BCB247B004805C2 /* Products */,
			);
			sourceTree = "<group>";
		};
		AA3B55491BCB247B004805C2 /* Products */ = {
			isa = PBXGroup;
			children = (
				AA3B55481BCB247B004805C2 /* cposc-ios.app */,
			);
			name = Products;
			sourceTree = "<group>";
		};
		AA3B554A1BCB247B004805C2 /* cposc-ios */ = {
			isa = PBXGroup;
			children = (
				AA3B554E1BCB247B004805C2 /* AppDelegate.h */,
				AA3B554F1BCB247B004805C2 /* AppDelegate.m */,
				AA3B55511BCB247B004805C2 /* ViewController.h */,
				AA3B55521BCB247B004805C2 /* ViewController.m */,
				AA3B55541BCB247B004805C2 /* Main.storyboard */,
				AA3B55571BCB247B004805C2 /* Assets.xcassets */,
				AA3B55591BCB247B004805C2 /* LaunchScreen.storyboard */,
				AA3B555C1BCB247B004805C2 /* Info.plist */,
				AA3B554B1BCB247B004805C2 /* Supporting Files */,
				AA3B55641BCB2A20004805C2 /* cposc-api.h */,
			);
			path = "cposc-ios";
			sourceTree = "<group>";
		};
		AA3B554B1BCB247B004805C2 /* Supporting Files */ = {
			isa = PBXGroup;
			children = (
				AA3B554C1BCB247B004805C2 /* main.m */,
			);
			name = "Supporting Files";
			sourceTree = "<group>";
		};
/* End PBXGroup section */

/* Begin PBXNativeTarget section */
		AA3B55471BCB247B004805C2 /* cposc-ios */ = {
			isa = PBXNativeTarget;
			buildConfigurationList = AA3B555F1BCB247B004805C2 /* Build configuration list for PBXNativeTarget "cposc-ios" */;
			buildPhases = (
				AA3B55441BCB247B004805C2 /* Sources */,
				AA3B55451BCB247B004805C2 /* Frameworks */,
				AA3B55461BCB247B004805C2 /* Resources */,
			);
			buildRules = (
			);
			dependencies = (
			);
			name = "cposc-ios";
			productName = "cposc-ios";
			productReference = AA3B55481BCB247B004805C2 /* cposc-ios.app */;
			productType = "com.apple.product-type.application";
		};
/* End PBXNativeTarget section */

/* Begin PBXProject section */
		AA3B55401BCB247B004805C2 /* Project object */ = {
			isa = PBXProject;
			attributes = {
				LastUpgradeCheck = 0700;
				ORGANIZATIONNAME = "Steve High";
				TargetAttributes = {
					AA3B55471BCB247B004805C2 = {
						CreatedOnToolsVersion = 7.0.1;
					};
				};
			};
			buildConfigurationList = AA3B55431BCB247B004805C2 /* Build configuration list for PBXProject "cposc-ios" */;
			compatibilityVersion = "Xcode 3.2";
			developmentRegion = English;
			hasScannedForEncodings = 0;
			knownRegions = (
				en,
				Base,
			);
			mainGroup = AA3B553F1BCB247B004805C2;
			productRefGroup = AA3B55491BCB247B004805C2 /* Products */;
			projectDirPath = "";
			projectRoot = "";
			targets = (
				AA3B55471BCB247B004805C2 /* cposc-ios */,
			);
		};
/* End PBXProject section */

/* Begin PBXResourcesBuildPhase section */
		AA3B55461BCB247B004805C2 /* Resources */ = {
			isa = PBXResourcesBuildPhase;
			buildActionMask = 2147483647;
			files = (
				AA3B555B1BCB247B004805C2 /* LaunchScreen.storyboard in Resources */,
				AA3B55581BCB247B004805C2 /* Assets.xcassets in Resources */,
				AA3B55561BCB247B004805C2 /* Main.storyboard in Resources */,
			);
			runOnlyForDeploymentPostprocessing = 0;
		};
/* End PBXResourcesBuildPhase section */

/* Begin PBXSourcesBuildPhase section */
		AA3B55441BCB247B004805C2 /* Sources */ = {
			isa = PBXSourcesBuildPhase;
			buildActionMask = 2147483647;
			files = (
				AA3B55531BCB247B004805C2 /* ViewController.m in Sources */,
				AA3B55501BCB247B004805C2 /* AppDelegate.m in Sources */,
				AA3B554D1BCB247B004805C2 /* main.m in Sources */,
			);
			runOnlyForDeploymentPostprocessing = 0;
		};
/* End PBXSourcesBuildPhase section */

/* Begin PBXVariantGroup section */
		AA3B55541BCB247B004805C2 /* Main.storyboard */ = {
			isa = PBXVariantGroup;
			children = (
				AA3B55551BCB247B004805C2 /* Base */,
			);
			name = Main.storyboard;
			sourceTree = "<group>";
		};
		AA3B55591BCB247B004805C2 /* LaunchScreen.storyboard */ = {
			isa = PBXVariantGroup;
			children = (
				AA3B555A1BCB247B004805C2 /* Base */,
			);
			name = LaunchScreen.storyboard;
			sourceTree = "<group>";
		};
/* End PBXVariantGroup section */

/* Begin XCBuildConfiguration section */
		AA3B555D1BCB247B004805C2 /* Debug */ = {
			isa = XCBuildConfiguration;
			buildSettings = {
				ALWAYS_SEARCH_USER_PATHS = NO;
				CLANG_CXX_LANGUAGE_STANDARD = "gnu++0x";
				CLANG_CXX_LIBRARY = "libc++";
				CLANG_ENABLE_MODULES = YES;
				CLANG_ENABLE_OBJC_ARC = YES;
				CLANG_WARN_BOOL_CONVERSION = YES;
				CLANG_WARN_CONSTANT_CONVERSION = YES;
				CLANG_WARN_DIRECT_OBJC_ISA_USAGE = YES_ERROR;
				CLANG_WARN_EMPTY_BODY = YES;
				CLANG_WARN_ENUM_CONVERSION = YES;
				CLANG_WARN_INT_CONVERSION = YES;
				CLANG_WARN_OBJC_ROOT_CLASS = YES_ERROR;
				CLANG_WARN_UNREACHABLE_CODE = YES;
				CLANG_WARN__DUPLICATE_METHOD_MATCH = YES;
				"CODE_SIGN_IDENTITY[sdk=iphoneos*]" = "iPhone Developer";
				COPY_PHASE_STRIP = NO;
				DEBUG_INFORMATION_FORMAT = dwarf;
				ENABLE_STRICT_OBJC_MSGSEND = YES;
				ENABLE_TESTABILITY = YES;
				GCC_C_LANGUAGE_STANDARD = gnu99;
				GCC_DYNAMIC_NO_PIC = NO;
				GCC_NO_COMMON_BLOCKS = YES;
				GCC_OPTIMIZATION_LEVEL = 0;
				GCC_PREPROCESSOR_DEFINITIONS = (
					"DEBUG=1",
					"$(inherited)",
				);
				GCC_WARN_64_TO_32_BIT_CONVERSION = YES;
				GCC_WARN_ABOUT_RETURN_TYPE = YES_ERROR;
				GCC_WARN_UNDECLARED_SELECTOR = YES;
				GCC_WARN_UNINITIALIZED_AUTOS = YES_AGGRESSIVE;
				GCC_WARN_UNUSED_FUNCTION = YES;
				GCC_WARN_UNUSED_VARIABLE = YES;
				IPHONEOS_DEPLOYMENT_TARGET = 9.0;
				MTL_ENABLE_DEBUG_INFO = YES;
				ONLY_ACTIVE_ARCH = YES;
				SDKROOT = iphoneos;
			};
			name = Debug;
		};
		AA3B555E1BCB247B004805C2 /* Release */ = {
			isa = XCBuildConfiguration;
			buildSettings = {
				ALWAYS_SEARCH_USER_PATHS = NO;
				CLANG_CXX_LANGUAGE_STANDARD = "gnu++0x";
				CLANG_CXX_LIBRARY = "libc++";
				CLANG_ENABLE_MODULES = YES;
				CLANG_ENABLE_OBJC_ARC = YES;
				CLANG_WARN_BOOL_CONVERSION = YES;
				CLANG_WARN_CONSTANT_CONVERSION = YES;
				CLANG_WARN_DIRECT_OBJC_ISA_USAGE = YES_ERROR;
				CLANG_WARN_EMPTY_BODY = YES;
				CLANG_WARN_ENUM_CONVERSION = YES;
				CLANG_WARN_INT_CONVERSION = YES;
				CLANG_WARN_OBJC_ROOT_CLASS = YES_ERROR;
				CLANG_WARN_UNREACHABLE_CODE = YES;
				CLANG_WARN__DUPLICATE_METHOD_MATCH = YES;
				"CODE_SIGN_IDENTITY[sdk=iphoneos*]" = "iPhone Developer";
				COPY_PHASE_STRIP = NO;
				DEBUG_INFORMATION_FORMAT = "dwarf-with-dsym";
				ENABLE_NS_ASSERTIONS = NO;
				ENABLE_STRICT_OBJC_MSGSEND = YES;
				GCC_C_LANGUAGE_STANDARD = gnu99;
				GCC_NO_COMMON_BLOCKS = YES;
				GCC_WARN_64_TO_32_BIT_CONVERSION = YES;
				GCC_WARN_ABOUT_RETURN_TYPE = YES_ERROR;
				GCC_WARN_UNDECLARED_SELECTOR = YES;
				GCC_WARN_UNINITIALIZED_AUTOS = YES_AGGRESSIVE;
				GCC_WARN_UNUSED_FUNCTION = YES;
				GCC_WARN_UNUSED_VARIABLE = YES;
				IPHONEOS_DEPLOYMENT_TARGET = 9.0;
				MTL_ENABLE_DEBUG_INFO = NO;
				SDKROOT = iphoneos;
				VALIDATE_PRODUCT = YES;
			};
			name = Release;
		};
		AA3B55601BCB247B004805C2 /* Debug */ = {
			isa = XCBuildConfiguration;
			buildSettings = {
				ASSETCATALOG_COMPILER_APPICON_NAME = AppIcon;
				FRAMEWORK_SEARCH_PATHS = (
					"$(inherited)",
					"$(PROJECT_DIR)/frameworks",
				);
				INFOPLIST_FILE = "cposc-ios/Info.plist";
				LD_RUNPATH_SEARCH_PATHS = "$(inherited) @executable_path/Frameworks";
				PRODUCT_BUNDLE_IDENTIFIER = "com.evilnode.cposc-ios";
				PRODUCT_NAME = "$(TARGET_NAME)";
			};
			name = Debug;
		};
		AA3B55611BCB247B004805C2 /* Release */ = {
			isa = XCBuildConfiguration;
			buildSettings = {
				ASSETCATALOG_COMPILER_APPICON_NAME = AppIcon;
				FRAMEWORK_SEARCH_PATHS = (
					"$(inherited)",
					"$(PROJECT_DIR)/frameworks",
				);
				INFOPLIST_FILE = "cposc-ios/Info.plist";
				LD_RUNPATH_SEARCH_PATHS = "$(inherited) @executable_path/Frameworks";
				PRODUCT_BUNDLE_IDENTIFIER = "com.evilnode.cposc-ios";
				PRODUCT_NAME = "$(TARGET_NAME)";
			};
			name = Release;
		};
/* End XCBuildConfiguration section */

/* Begin XCConfigurationList section */
		AA3B55431BCB247B004805C2 /* Build configuration list for PBXProject "cposc-ios" */ = {
			isa = XCConfigurationList;
			buildConfigurations = (
				AA3B555D1BCB247B004805C2 /* Debug */,
				AA3B555E1BCB247B004805C2 /* Release */,
			);
			defaultConfigurationIsVisible = 0;
			defaultConfigurationName = Release;
		};
		AA3B555F1BCB247B004805C2 /* Build configuration list for PBXNativeTarget "cposc-ios" */ = {
			isa = XCConfigurationList;
			buildConfigurations = (
				AA3B55601BCB247B004805C2 /* Debug */,
				AA3B55611BCB247B004805C2 /* Release */,
			);
			defaultConfigurationIsVisible = 0;
		};
/* End XCConfigurationList section */
	};
	rootObject = AA3B55401BCB247B004805C2 /* Project object */;
}
